// !$*UTF8*$!
{
	archiveVersion = 1;
	classes = {
	};
	objectVersion = 50;
	objects = {

/* Begin PBXBuildFile section */
		FAADD84125E4FA7F00F7B305 /* AppDelegate.swift in Sources */ = {isa = PBXBuildFile; fileRef = FAADD84025E4FA7F00F7B305 /* AppDelegate.swift */; };
		FAADD84325E4FA7F00F7B305 /* SceneDelegate.swift in Sources */ = {isa = PBXBuildFile; fileRef = FAADD84225E4FA7F00F7B305 /* SceneDelegate.swift */; };
		FAADD84525E4FA7F00F7B305 /* EmojiMemoryGameView.swift in Sources */ = {isa = PBXBuildFile; fileRef = FAADD84425E4FA7F00F7B305 /* EmojiMemoryGameView.swift */; };
		FAADD84725E4FA8000F7B305 /* Assets.xcassets in Resources */ = {isa = PBXBuildFile; fileRef = FAADD84625E4FA8000F7B305 /* Assets.xcassets */; };
		FAADD84A25E4FA8000F7B305 /* Preview Assets.xcassets in Resources */ = {isa = PBXBuildFile; fileRef = FAADD84925E4FA8000F7B305 /* Preview Assets.xcassets */; };
		FAADD84D25E4FA8000F7B305 /* LaunchScreen.storyboard in Resources */ = {isa = PBXBuildFile; fileRef = FAADD84B25E4FA8000F7B305 /* LaunchScreen.storyboard */; };
		FAADD85625E528E500F7B305 /* MemoryGame.swift in Sources */ = {isa = PBXBuildFile; fileRef = FAADD85525E528E500F7B305 /* MemoryGame.swift */; };
		FAADD85925E52B1700F7B305 /* EmojiMemoryGame.swift in Sources */ = {isa = PBXBuildFile; fileRef = FAADD85825E52B1700F7B305 /* EmojiMemoryGame.swift */; };
		FAF1285625F7BBF5004E0305 /* Grid.swift in Sources */ = {isa = PBXBuildFile; fileRef = FAF1285525F7BBF5004E0305 /* Grid.swift */; };
		FAF1285925F7C1C9004E0305 /* GridLayout.swift in Sources */ = {isa = PBXBuildFile; fileRef = FAF1285825F7C1C9004E0305 /* GridLayout.swift */; };
		FAF1285C25F7C692004E0305 /* Array+Identifiable.swift in Sources */ = {isa = PBXBuildFile; fileRef = FAF1285B25F7C692004E0305 /* Array+Identifiable.swift */; };
		FAF1285F25F7D2BC004E0305 /* Array+Only.swift in Sources */ = {isa = PBXBuildFile; fileRef = FAF1285E25F7D2BC004E0305 /* Array+Only.swift */; };
/* End PBXBuildFile section */

/* Begin PBXFileReference section */
		FAADD83D25E4FA7F00F7B305 /* Memorizer.app */ = {isa = PBXFileReference; explicitFileType = wrapper.application; includeInIndex = 0; path = Memorizer.app; sourceTree = BUILT_PRODUCTS_DIR; };
		FAADD84025E4FA7F00F7B305 /* AppDelegate.swift */ = {isa = PBXFileReference; lastKnownFileType = sourcecode.swift; path = AppDelegate.swift; sourceTree = "<group>"; };
		FAADD84225E4FA7F00F7B305 /* SceneDelegate.swift */ = {isa = PBXFileReference; lastKnownFileType = sourcecode.swift; path = SceneDelegate.swift; sourceTree = "<group>"; };
		FAADD84425E4FA7F00F7B305 /* EmojiMemoryGameView.swift */ = {isa = PBXFileReference; lastKnownFileType = sourcecode.swift; path = EmojiMemoryGameView.swift; sourceTree = "<group>"; };
		FAADD84625E4FA8000F7B305 /* Assets.xcassets */ = {isa = PBXFileReference; lastKnownFileType = folder.assetcatalog; path = Assets.xcassets; sourceTree = "<group>"; };
		FAADD84925E4FA8000F7B305 /* Preview Assets.xcassets */ = {isa = PBXFileReference; lastKnownFileType = folder.assetcatalog; path = "Preview Assets.xcassets"; sourceTree = "<group>"; };
		FAADD84C25E4FA8000F7B305 /* Base */ = {isa = PBXFileReference; lastKnownFileType = file.storyboard; name = Base; path = Base.lproj/LaunchScreen.storyboard; sourceTree = "<group>"; };
		FAADD84E25E4FA8000F7B305 /* Info.plist */ = {isa = PBXFileReference; lastKnownFileType = text.plist.xml; path = Info.plist; sourceTree = "<group>"; };
		FAADD85525E528E500F7B305 /* MemoryGame.swift */ = {isa = PBXFileReference; lastKnownFileType = sourcecode.swift; path = MemoryGame.swift; sourceTree = "<group>"; };
		FAADD85825E52B1700F7B305 /* EmojiMemoryGame.swift */ = {isa = PBXFileReference; lastKnownFileType = sourcecode.swift; path = EmojiMemoryGame.swift; sourceTree = "<group>"; };
		FAF1285525F7BBF5004E0305 /* Grid.swift */ = {isa = PBXFileReference; lastKnownFileType = sourcecode.swift; path = Grid.swift; sourceTree = "<group>"; };
		FAF1285825F7C1C9004E0305 /* GridLayout.swift */ = {isa = PBXFileReference; fileEncoding = 4; lastKnownFileType = sourcecode.swift; path = GridLayout.swift; sourceTree = "<group>"; };
		FAF1285B25F7C692004E0305 /* Array+Identifiable.swift */ = {isa = PBXFileReference; lastKnownFileType = sourcecode.swift; path = "Array+Identifiable.swift"; sourceTree = "<group>"; };
		FAF1285E25F7D2BC004E0305 /* Array+Only.swift */ = {isa = PBXFileReference; lastKnownFileType = sourcecode.swift; path = "Array+Only.swift"; sourceTree = "<group>"; };
/* End PBXFileReference section */

/* Begin PBXFrameworksBuildPhase section */
		FAADD83A25E4FA7F00F7B305 /* Frameworks */ = {
			isa = PBXFrameworksBuildPhase;
			buildActionMask = 2147483647;
			files = (
			);
			runOnlyForDeploymentPostprocessing = 0;
		};
/* End PBXFrameworksBuildPhase section */

/* Begin PBXGroup section */
		FAADD83425E4FA7F00F7B305 = {
			isa = PBXGroup;
			children = (
				FAADD83F25E4FA7F00F7B305 /* Memorizer */,
				FAADD83E25E4FA7F00F7B305 /* Products */,
			);
			sourceTree = "<group>";
		};
		FAADD83E25E4FA7F00F7B305 /* Products */ = {
			isa = PBXGroup;
			children = (
				FAADD83D25E4FA7F00F7B305 /* Memorizer.app */,
			);
			name = Products;
			sourceTree = "<group>";
		};
		FAADD83F25E4FA7F00F7B305 /* Memorizer */ = {
			isa = PBXGroup;
			children = (
				FAADD84025E4FA7F00F7B305 /* AppDelegate.swift */,
				FAADD84225E4FA7F00F7B305 /* SceneDelegate.swift */,
				FAADD84425E4FA7F00F7B305 /* EmojiMemoryGameView.swift */,
				FAF1285525F7BBF5004E0305 /* Grid.swift */,
				FAF1285B25F7C692004E0305 /* Array+Identifiable.swift */,
				FAF1285825F7C1C9004E0305 /* GridLayout.swift */,
				FAADD85825E52B1700F7B305 /* EmojiMemoryGame.swift */,
				FAADD85525E528E500F7B305 /* MemoryGame.swift */,
				FAF1285E25F7D2BC004E0305 /* Array+Only.swift */,
				FAADD84625E4FA8000F7B305 /* Assets.xcassets */,
				FAADD84B25E4FA8000F7B305 /* LaunchScreen.storyboard */,
				FAADD84E25E4FA8000F7B305 /* Info.plist */,
				FAADD84825E4FA8000F7B305 /* Preview Content */,
			);
			path = Memorizer;
			sourceTree = "<group>";
		};
		FAADD84825E4FA8000F7B305 /* Preview Content */ = {
			isa = PBXGroup;
			children = (
				FAADD84925E4FA8000F7B305 /* Preview Assets.xcassets */,
			);
			path = "Preview Content";
			sourceTree = "<group>";
		};
/* End PBXGroup section */

/* Begin PBXNativeTarget section */
		FAADD83C25E4FA7F00F7B305 /* Memorizer */ = {
			isa = PBXNativeTarget;
			buildConfigurationList = FAADD85125E4FA8000F7B305 /* Build configuration list for PBXNativeTarget "Memorizer" */;
			buildPhases = (
				FAADD83925E4FA7F00F7B305 /* Sources */,
				FAADD83A25E4FA7F00F7B305 /* Frameworks */,
				FAADD83B25E4FA7F00F7B305 /* Resources */,
			);
			buildRules = (
			);
			dependencies = (
			);
			name = Memorizer;
			productName = Memorizer;
			productReference = FAADD83D25E4FA7F00F7B305 /* Memorizer.app */;
			productType = "com.apple.product-type.application";
		};
/* End PBXNativeTarget section */

/* Begin PBXProject section */
		FAADD83525E4FA7F00F7B305 /* Project object */ = {
			isa = PBXProject;
			attributes = {
				LastSwiftUpdateCheck = 1230;
				LastUpgradeCheck = 1230;
				TargetAttributes = {
					FAADD83C25E4FA7F00F7B305 = {
						CreatedOnToolsVersion = 12.3;
					};
				};
			};
			buildConfigurationList = FAADD83825E4FA7F00F7B305 /* Build configuration list for PBXProject "Memorizer" */;
			compatibilityVersion = "Xcode 9.3";
			developmentRegion = en;
			hasScannedForEncodings = 0;
			knownRegions = (
				en,
				Base,
			);
			mainGroup = FAADD83425E4FA7F00F7B305;
			productRefGroup = FAADD83E25E4FA7F00F7B305 /* Products */;
			projectDirPath = "";
			projectRoot = "";
			targets = (
				FAADD83C25E4FA7F00F7B305 /* Memorizer */,
			);
		};
/* End PBXProject section */

/* Begin PBXResourcesBuildPhase section */
		FAADD83B25E4FA7F00F7B305 /* Resources */ = {
			isa = PBXResourcesBuildPhase;
			buildActionMask = 2147483647;
			files = (
				FAADD84D25E4FA8000F7B305 /* LaunchScreen.storyboard in Resources */,
				FAADD84A25E4FA8000F7B305 /* Preview Assets.xcassets in Resources */,
				FAADD84725E4FA8000F7B305 /* Assets.xcassets in Resources */,
			);
			runOnlyForDeploymentPostprocessing = 0;
		};
/* End PBXResourcesBuildPhase section */

/* Begin PBXSourcesBuildPhase section */
		FAADD83925E4FA7F00F7B305 /* Sources */ = {
			isa = PBXSourcesBuildPhase;
			buildActionMask = 2147483647;
			files = (
				FAADD84125E4FA7F00F7B305 /* AppDelegate.swift in Sources */,
				FAADD84325E4FA7F00F7B305 /* SceneDelegate.swift in Sources */,
				FAADD85625E528E500F7B305 /* MemoryGame.swift in Sources */,
				FAF1285F25F7D2BC004E0305 /* Array+Only.swift in Sources */,
				FAADD84525E4FA7F00F7B305 /* EmojiMemoryGameView.swift in Sources */,
				FAADD85925E52B1700F7B305 /* EmojiMemoryGame.swift in Sources */,
				FAF1285C25F7C692004E0305 /* Array+Identifiable.swift in Sources */,
				FAF1285925F7C1C9004E0305 /* GridLayout.swift in Sources */,
				FAF1285625F7BBF5004E0305 /* Grid.swift in Sources */,
			);
			runOnlyForDeploymentPostprocessing = 0;
		};
/* End PBXSourcesBuildPhase section */

/* Begin PBXVariantGroup section */
		FAADD84B25E4FA8000F7B305 /* LaunchScreen.storyboard */ = {
			isa = PBXVariantGroup;
			children = (
				FAADD84C25E4FA8000F7B305 /* Base */,
			);
			name = LaunchScreen.storyboard;
			sourceTree = "<group>";
		};
/* End PBXVariantGroup section */

/* Begin XCBuildConfiguration section */
		FAADD84F25E4FA8000F7B305 /* Debug */ = {
			isa = XCBuildConfiguration;
			buildSettings = {
				ALWAYS_SEARCH_USER_PATHS = NO;
				CLANG_ANALYZER_NONNULL = YES;
				CLANG_ANALYZER_NUMBER_OBJECT_CONVERSION = YES_AGGRESSIVE;
				CLANG_CXX_LANGUAGE_STANDARD = "gnu++14";
				CLANG_CXX_LIBRARY = "libc++";
				CLANG_ENABLE_MODULES = YES;
				CLANG_ENABLE_OBJC_ARC = YES;
				CLANG_ENABLE_OBJC_WEAK = YES;
				CLANG_WARN_BLOCK_CAPTURE_AUTORELEASING = YES;
				CLANG_WARN_BOOL_CONVERSION = YES;
				CLANG_WARN_COMMA = YES;
				CLANG_WARN_CONSTANT_CONVERSION = YES;
				CLANG_WARN_DEPRECATED_OBJC_IMPLEMENTATIONS = YES;
				CLANG_WARN_DIRECT_OBJC_ISA_USAGE = YES_ERROR;
				CLANG_WARN_DOCUMENTATION_COMMENTS = YES;
				CLANG_WARN_EMPTY_BODY = YES;
				CLANG_WARN_ENUM_CONVERSION = YES;
				CLANG_WARN_INFINITE_RECURSION = YES;
				CLANG_WARN_INT_CONVERSION = YES;
				CLANG_WARN_NON_LITERAL_NULL_CONVERSION = YES;
				CLANG_WARN_OBJC_IMPLICIT_RETAIN_SELF = YES;
				CLANG_WARN_OBJC_LITERAL_CONVERSION = YES;
				CLANG_WARN_OBJC_ROOT_CLASS = YES_ERROR;
				CLANG_WARN_QUOTED_INCLUDE_IN_FRAMEWORK_HEADER = YES;
				CLANG_WARN_RANGE_LOOP_ANALYSIS = YES;
				CLANG_WARN_STRICT_PROTOTYPES = YES;
				CLANG_WARN_SUSPICIOUS_MOVE = YES;
				CLANG_WARN_UNGUARDED_AVAILABILITY = YES_AGGRESSIVE;
				CLANG_WARN_UNREACHABLE_CODE = YES;
				CLANG_WARN__DUPLICATE_METHOD_MATCH = YES;
				COPY_PHASE_STRIP = NO;
				DEBUG_INFORMATION_FORMAT = dwarf;
				ENABLE_STRICT_OBJC_MSGSEND = YES;
				ENABLE_TESTABILITY = YES;
				GCC_C_LANGUAGE_STANDARD = gnu11;
				GCC_DYNAMIC_NO_PIC = NO;
				GCC_NO_COMMON_BLOCKS = YES;
				GCC_OPTIMIZATION_LEVEL = 0;
				GCC_PREPROCESSOR_DEFINITIONS = (
					"DEBUG=1",
					"$(inherited)",
				);
				GCC_WARN_64_TO_32_BIT_CONVERSION = YES;
				GCC_WARN_ABOUT_RETURN_TYPE = YES_ERROR;
				GCC_WARN_UNDECLARED_SELECTOR = YES;
				GCC_WARN_UNINITIALIZED_AUTOS = YES_AGGRESSIVE;
				GCC_WARN_UNUSED_FUNCTION = YES;
				GCC_WARN_UNUSED_VARIABLE = YES;
				IPHONEOS_DEPLOYMENT_TARGET = 14.3;
				MTL_ENABLE_DEBUG_INFO = INCLUDE_SOURCE;
				MTL_FAST_MATH = YES;
				ONLY_ACTIVE_ARCH = YES;
				SDKROOT = iphoneos;
				SWIFT_ACTIVE_COMPILATION_CONDITIONS = DEBUG;
				SWIFT_OPTIMIZATION_LEVEL = "-Onone";
			};
			name = Debug;
		};
		FAADD85025E4FA8000F7B305 /* Release */ = {
			isa = XCBuildConfiguration;
			buildSettings = {
				ALWAYS_SEARCH_USER_PATHS = NO;
				CLANG_ANALYZER_NONNULL = YES;
				CLANG_ANALYZER_NUMBER_OBJECT_CONVERSION = YES_AGGRESSIVE;
				CLANG_CXX_LANGUAGE_STANDARD = "gnu++14";
				CLANG_CXX_LIBRARY = "libc++";
				CLANG_ENABLE_MODULES = YES;
				CLANG_ENABLE_OBJC_ARC = YES;
				CLANG_ENABLE_OBJC_WEAK = YES;
				CLANG_WARN_BLOCK_CAPTURE_AUTORELEASING = YES;
				CLANG_WARN_BOOL_CONVERSION = YES;
				CLANG_WARN_COMMA = YES;
				CLANG_WARN_CONSTANT_CONVERSION = YES;
				CLANG_WARN_DEPRECATED_OBJC_IMPLEMENTATIONS = YES;
				CLANG_WARN_DIRECT_OBJC_ISA_USAGE = YES_ERROR;
				CLANG_WARN_DOCUMENTATION_COMMENTS = YES;
				CLANG_WARN_EMPTY_BODY = YES;
				CLANG_WARN_ENUM_CONVERSION = YES;
				CLANG_WARN_INFINITE_RECURSION = YES;
				CLANG_WARN_INT_CONVERSION = YES;
				CLANG_WARN_NON_LITERAL_NULL_CONVERSION = YES;
				CLANG_WARN_OBJC_IMPLICIT_RETAIN_SELF = YES;
				CLANG_WARN_OBJC_LITERAL_CONVERSION = YES;
				CLANG_WARN_OBJC_ROOT_CLASS = YES_ERROR;
				CLANG_WARN_QUOTED_INCLUDE_IN_FRAMEWORK_HEADER = YES;
				CLANG_WARN_RANGE_LOOP_ANALYSIS = YES;
				CLANG_WARN_STRICT_PROTOTYPES = YES;
				CLANG_WARN_SUSPICIOUS_MOVE = YES;
				CLANG_WARN_UNGUARDED_AVAILABILITY = YES_AGGRESSIVE;
				CLANG_WARN_UNREACHABLE_CODE = YES;
				CLANG_WARN__DUPLICATE_METHOD_MATCH = YES;
				COPY_PHASE_STRIP = NO;
				DEBUG_INFORMATION_FORMAT = "dwarf-with-dsym";
				ENABLE_NS_ASSERTIONS = NO;
				ENABLE_STRICT_OBJC_MSGSEND = YES;
				GCC_C_LANGUAGE_STANDARD = gnu11;
				GCC_NO_COMMON_BLOCKS = YES;
				GCC_WARN_64_TO_32_BIT_CONVERSION = YES;
				GCC_WARN_ABOUT_RETURN_TYPE = YES_ERROR;
				GCC_WARN_UNDECLARED_SELECTOR = YES;
				GCC_WARN_UNINITIALIZED_AUTOS = YES_AGGRESSIVE;
				GCC_WARN_UNUSED_FUNCTION = YES;
				GCC_WARN_UNUSED_VARIABLE = YES;
				IPHONEOS_DEPLOYMENT_TARGET = 14.3;
				MTL_ENABLE_DEBUG_INFO = NO;
				MTL_FAST_MATH = YES;
				SDKROOT = iphoneos;
				SWIFT_COMPILATION_MODE = wholemodule;
				SWIFT_OPTIMIZATION_LEVEL = "-O";
				VALIDATE_PRODUCT = YES;
			};
			name = Release;
		};
		FAADD85225E4FA8000F7B305 /* Debug */ = {
			isa = XCBuildConfiguration;
			buildSettings = {
				ASSETCATALOG_COMPILER_APPICON_NAME = AppIcon;
				ASSETCATALOG_COMPILER_GLOBAL_ACCENT_COLOR_NAME = AccentColor;
				CODE_SIGN_STYLE = Automatic;
				DEVELOPMENT_ASSET_PATHS = "\"Memorizer/Preview Content\"";
				DEVELOPMENT_TEAM = HCMNC3J387;
				ENABLE_PREVIEWS = YES;
				INFOPLIST_FILE = Memorizer/Info.plist;
				IPHONEOS_DEPLOYMENT_TARGET = 14.0;
				LD_RUNPATH_SEARCH_PATHS = (
					"$(inherited)",
					"@executable_path/Frameworks",
				);
				PRODUCT_BUNDLE_IDENTIFIER = "edu.nu.drkh-n.Memorizer";
				PRODUCT_NAME = "$(TARGET_NAME)";
				SWIFT_VERSION = 5.0;
				TARGETED_DEVICE_FAMILY = "1,2";
			};
			name = Debug;
		};
		FAADD85325E4FA8000F7B305 /* Release */ = {
			isa = XCBuildConfiguration;
			buildSettings = {
				ASSETCATALOG_COMPILER_APPICON_NAME = AppIcon;
				ASSETCATALOG_COMPILER_GLOBAL_ACCENT_COLOR_NAME = AccentColor;
				CODE_SIGN_STYLE = Automatic;
				DEVELOPMENT_ASSET_PATHS = "\"Memorizer/Preview Content\"";
				DEVELOPMENT_TEAM = HCMNC3J387;
				ENABLE_PREVIEWS = YES;
				INFOPLIST_FILE = Memorizer/Info.plist;
				IPHONEOS_DEPLOYMENT_TARGET = 14.0;
				LD_RUNPATH_SEARCH_PATHS = (
					"$(inherited)",
					"@executable_path/Frameworks",
				);
				PRODUCT_BUNDLE_IDENTIFIER = "edu.nu.drkh-n.Memorizer";
				PRODUCT_NAME = "$(TARGET_NAME)";
				SWIFT_VERSION = 5.0;
				TARGETED_DEVICE_FAMILY = "1,2";
			};
			name = Release;
		};
/* End XCBuildConfiguration section */

/* Begin XCConfigurationList section */
		FAADD83825E4FA7F00F7B305 /* Build configuration list for PBXProject "Memorizer" */ = {
			isa = XCConfigurationList;
			buildConfigurations = (
				FAADD84F25E4FA8000F7B305 /* Debug */,
				FAADD85025E4FA8000F7B305 /* Release */,
			);
			defaultConfigurationIsVisible = 0;
			defaultConfigurationName = Release;
		};
		FAADD85125E4FA8000F7B305 /* Build configuration list for PBXNativeTarget "Memorizer" */ = {
			isa = XCConfigurationList;
			buildConfigurations = (
				FAADD85225E4FA8000F7B305 /* Debug */,
				FAADD85325E4FA8000F7B305 /* Release */,
			);
			defaultConfigurationIsVisible = 0;
			defaultConfigurationName = Release;
		};
/* End XCConfigurationList section */
	};
	rootObject = FAADD83525E4FA7F00F7B305 /* Project object */;
}
